{
  "name": "myTea",
  "version": "1.0.0",
  "lockfileVersion": 1,
  "requires": true,
  "dependencies": {
    "simple-example-tea": {
      "version": "1.0.0",
      "resolved": "https://registry.npmjs.org/simple-example-tea/-/simple-example-tea-1.0.0.tgz",
      "integrity": "sha512-es+FibVAl4g4mUx6cR90j8EeYQe7OXxAIwz2NFN16+dX8g67HqFVDdgbnARVm3P2KNzk6cGQULGogktS5cMnNA=="
    }
  }
}
